
Microsoft Visual Studio Solution File, Format Version 12.00
# Visual Studio Version 16
VisualStudioVersion = 16.0.31729.503
MinimumVisualStudioVersion = 10.0.40219.1
Project("{FAE04EC0-301F-11D3-BF4B-00C04F79EFBC}") = "PMBOL", "PMBOL.csproj", "{7990C3D6-DA30-4282-ABAA-08537315587E}"
EndProject
Project("{FAE04EC0-301F-11D3-BF4B-00C04F79EFBC}") = "PMBLL", "..\PMBLL\PMBLL.csproj", "{5BBE06C9-8EB9-4237-B0DC-F4AE5A4641F7}"
EndProject
Project("{FAE04EC0-301F-11D3-BF4B-00C04F79EFBC}") = "PM_DAL", "..\PM_DAL\PM_DAL.csproj", "{BD0220E6-3861-451D-BDE9-AA8FB321EF7B}"
EndProject
Project("{FAE04EC0-301F-11D3-BF4B-00C04F79EFBC}") = "POSTMARKS2.0", "..\POSTMARKS2.0\POSTMARKS2.0.csproj", "{A115F62B-AD32-47F2-912D-C90C6DE50B7E}"
EndProject
Global
	GlobalSection(SolutionConfigurationPlatforms) = preSolution
		Debug|Any CPU = Debug|Any CPU
		Release|Any CPU = Release|Any CPU
	EndGlobalSection
	GlobalSection(ProjectConfigurationPlatforms) = postSolution
		{7990C3D6-DA30-4282-ABAA-08537315587E}.Debug|Any CPU.ActiveCfg = Debug|Any CPU
		{7990C3D6-DA30-4282-ABAA-08537315587E}.Debug|Any CPU.Build.0 = Debug|Any CPU
		{7990C3D6-DA30-4282-ABAA-08537315587E}.Release|Any CPU.ActiveCfg = Release|Any CPU
		{7990C3D6-DA30-4282-ABAA-08537315587E}.Release|Any CPU.Build.0 = Release|Any CPU
		{5BBE06C9-8EB9-4237-B0DC-F4AE5A4641F7}.Debug|Any CPU.ActiveCfg = Debug|Any CPU
		{5BBE06C9-8EB9-4237-B0DC-F4AE5A4641F7}.Debug|Any CPU.Build.0 = Debug|Any CPU
		{5BBE06C9-8EB9-4237-B0DC-F4AE5A4641F7}.Release|Any CPU.ActiveCfg = Release|Any CPU
		{5BBE06C9-8EB9-4237-B0DC-F4AE5A4641F7}.Release|Any CPU.Build.0 = Release|Any CPU
		{BD0220E6-3861-451D-BDE9-AA8FB321EF7B}.Debug|Any CPU.ActiveCfg = Debug|Any CPU
		{BD0220E6-3861-451D-BDE9-AA8FB321EF7B}.Debug|Any CPU.Build.0 = Debug|Any CPU
		{BD0220E6-3861-451D-BDE9-AA8FB321EF7B}.Release|Any CPU.ActiveCfg = Release|Any CPU
		{BD0220E6-3861-451D-BDE9-AA8FB321EF7B}.Release|Any CPU.Build.0 = Release|Any CPU
		{A115F62B-AD32-47F2-912D-C90C6DE50B7E}.Debug|Any CPU.ActiveCfg = Debug|Any CPU
		{A115F62B-AD32-47F2-912D-C90C6DE50B7E}.Debug|Any CPU.Build.0 = Debug|Any CPU
		{A115F62B-AD32-47F2-912D-C90C6DE50B7E}.Release|Any CPU.ActiveCfg = Release|Any CPU
		{A115F62B-AD32-47F2-912D-C90C6DE50B7E}.Release|Any CPU.Build.0 = Release|Any CPU
	EndGlobalSection
	GlobalSection(SolutionProperties) = preSolution
		HideSolutionNode = FALSE
	EndGlobalSection
	GlobalSection(ExtensibilityGlobals) = postSolution
		SolutionGuid = {78E2DD47-4C73-416F-85B8-EEB20548A51C}
	EndGlobalSection
EndGlobal
